// !$*UTF8*$!
{
	archiveVersion = 1;
	classes = {
	};
	objectVersion = 55;
	objects = {

/* Begin PBXBuildFile section */
		714164C1486BE3EE841134AF /* Pods_CurrencyWorld.framework in Frameworks */ = {isa = PBXBuildFile; fileRef = 16466F92DE9A8D1BBFD83A36 /* Pods_CurrencyWorld.framework */; };
		B14A65AF28351A2100446A1C /* CurrencyTableViewVC.swift in Sources */ = {isa = PBXBuildFile; fileRef = B14A65AE28351A2100446A1C /* CurrencyTableViewVC.swift */; };
		B14A65B3283521F400446A1C /* CurrencyTableViewCell.swift in Sources */ = {isa = PBXBuildFile; fileRef = B14A65B2283521F400446A1C /* CurrencyTableViewCell.swift */; };
		B1776FA92837CA9B00767691 /* WebService.swift in Sources */ = {isa = PBXBuildFile; fileRef = B1776FA82837CA9B00767691 /* WebService.swift */; };
		B18F1E4F2835105C00539442 /* AppDelegate.swift in Sources */ = {isa = PBXBuildFile; fileRef = B18F1E4E2835105C00539442 /* AppDelegate.swift */; };
		B18F1E512835105C00539442 /* SceneDelegate.swift in Sources */ = {isa = PBXBuildFile; fileRef = B18F1E502835105C00539442 /* SceneDelegate.swift */; };
		B18F1E532835105C00539442 /* LoginVC.swift in Sources */ = {isa = PBXBuildFile; fileRef = B18F1E522835105C00539442 /* LoginVC.swift */; };
		B18F1E562835105C00539442 /* Main.storyboard in Resources */ = {isa = PBXBuildFile; fileRef = B18F1E542835105C00539442 /* Main.storyboard */; };
		B18F1E582835105E00539442 /* Assets.xcassets in Resources */ = {isa = PBXBuildFile; fileRef = B18F1E572835105E00539442 /* Assets.xcassets */; };
		B18F1E5B2835105E00539442 /* LaunchScreen.storyboard in Resources */ = {isa = PBXBuildFile; fileRef = B18F1E592835105E00539442 /* LaunchScreen.storyboard */; };
		B18F1E632835119000539442 /* GoogleService-Info.plist in Resources */ = {isa = PBXBuildFile; fileRef = B18F1E622835119000539442 /* GoogleService-Info.plist */; };
		B1A46D1F2835370700517D19 /* LoginViewModel.swift in Sources */ = {isa = PBXBuildFile; fileRef = B1A46D1E2835370700517D19 /* LoginViewModel.swift */; };
		B1EAFC1A2836EFDC005F9DB8 /* CurrencyViewModel.swift in Sources */ = {isa = PBXBuildFile; fileRef = B1EAFC192836EFDC005F9DB8 /* CurrencyViewModel.swift */; };
		B1EAFC1C2836EFED005F9DB8 /* CurrencyModel.swift in Sources */ = {isa = PBXBuildFile; fileRef = B1EAFC1B2836EFED005F9DB8 /* CurrencyModel.swift */; };
/* End PBXBuildFile section */

/* Begin PBXFileReference section */
		16466F92DE9A8D1BBFD83A36 /* Pods_CurrencyWorld.framework */ = {isa = PBXFileReference; explicitFileType = wrapper.framework; includeInIndex = 0; path = Pods_CurrencyWorld.framework; sourceTree = BUILT_PRODUCTS_DIR; };
		51526C8ECDC035EF6D9B83F5 /* Pods-CurrencyWorld.release.xcconfig */ = {isa = PBXFileReference; includeInIndex = 1; lastKnownFileType = text.xcconfig; name = "Pods-CurrencyWorld.release.xcconfig"; path = "Target Support Files/Pods-CurrencyWorld/Pods-CurrencyWorld.release.xcconfig"; sourceTree = "<group>"; };
		5658C621B676E072AD9A8933 /* Pods-CurrencyWorld.debug.xcconfig */ = {isa = PBXFileReference; includeInIndex = 1; lastKnownFileType = text.xcconfig; name = "Pods-CurrencyWorld.debug.xcconfig"; path = "Target Support Files/Pods-CurrencyWorld/Pods-CurrencyWorld.debug.xcconfig"; sourceTree = "<group>"; };
		B14A65AE28351A2100446A1C /* CurrencyTableViewVC.swift */ = {isa = PBXFileReference; lastKnownFileType = sourcecode.swift; path = CurrencyTableViewVC.swift; sourceTree = "<group>"; };
		B14A65B2283521F400446A1C /* CurrencyTableViewCell.swift */ = {isa = PBXFileReference; lastKnownFileType = sourcecode.swift; path = CurrencyTableViewCell.swift; sourceTree = "<group>"; };
		B1776FA82837CA9B00767691 /* WebService.swift */ = {isa = PBXFileReference; lastKnownFileType = sourcecode.swift; path = WebService.swift; sourceTree = "<group>"; };
		B18F1E4B2835105C00539442 /* CurrencyWorld.app */ = {isa = PBXFileReference; explicitFileType = wrapper.application; includeInIndex = 0; path = CurrencyWorld.app; sourceTree = BUILT_PRODUCTS_DIR; };
		B18F1E4E2835105C00539442 /* AppDelegate.swift */ = {isa = PBXFileReference; lastKnownFileType = sourcecode.swift; path = AppDelegate.swift; sourceTree = "<group>"; };
		B18F1E502835105C00539442 /* SceneDelegate.swift */ = {isa = PBXFileReference; lastKnownFileType = sourcecode.swift; path = SceneDelegate.swift; sourceTree = "<group>"; };
		B18F1E522835105C00539442 /* LoginVC.swift */ = {isa = PBXFileReference; lastKnownFileType = sourcecode.swift; path = LoginVC.swift; sourceTree = "<group>"; };
		B18F1E552835105C00539442 /* Base */ = {isa = PBXFileReference; lastKnownFileType = file.storyboard; name = Base; path = Base.lproj/Main.storyboard; sourceTree = "<group>"; };
		B18F1E572835105E00539442 /* Assets.xcassets */ = {isa = PBXFileReference; lastKnownFileType = folder.assetcatalog; path = Assets.xcassets; sourceTree = "<group>"; };
		B18F1E5A2835105E00539442 /* Base */ = {isa = PBXFileReference; lastKnownFileType = file.storyboard; name = Base; path = Base.lproj/LaunchScreen.storyboard; sourceTree = "<group>"; };
		B18F1E5C2835105E00539442 /* Info.plist */ = {isa = PBXFileReference; lastKnownFileType = text.plist.xml; path = Info.plist; sourceTree = "<group>"; };
		B18F1E622835119000539442 /* GoogleService-Info.plist */ = {isa = PBXFileReference; fileEncoding = 4; lastKnownFileType = text.plist.xml; path = "GoogleService-Info.plist"; sourceTree = "<group>"; };
		B1A46D1E2835370700517D19 /* LoginViewModel.swift */ = {isa = PBXFileReference; lastKnownFileType = sourcecode.swift; path = LoginViewModel.swift; sourceTree = "<group>"; };
		B1EAFC192836EFDC005F9DB8 /* CurrencyViewModel.swift */ = {isa = PBXFileReference; lastKnownFileType = sourcecode.swift; path = CurrencyViewModel.swift; sourceTree = "<group>"; };
		B1EAFC1B2836EFED005F9DB8 /* CurrencyModel.swift */ = {isa = PBXFileReference; lastKnownFileType = sourcecode.swift; path = CurrencyModel.swift; sourceTree = "<group>"; };
/* End PBXFileReference section */

/* Begin PBXFrameworksBuildPhase section */
		B18F1E482835105C00539442 /* Frameworks */ = {
			isa = PBXFrameworksBuildPhase;
			buildActionMask = 2147483647;
			files = (
				714164C1486BE3EE841134AF /* Pods_CurrencyWorld.framework in Frameworks */,
			);
			runOnlyForDeploymentPostprocessing = 0;
		};
/* End PBXFrameworksBuildPhase section */

/* Begin PBXGroup section */
		42FA5BBC986EA30F6317C35E /* Pods */ = {
			isa = PBXGroup;
			children = (
				5658C621B676E072AD9A8933 /* Pods-CurrencyWorld.debug.xcconfig */,
				51526C8ECDC035EF6D9B83F5 /* Pods-CurrencyWorld.release.xcconfig */,
			);
			path = Pods;
			sourceTree = "<group>";
		};
		B14A65A9283514C800446A1C /* View */ = {
			isa = PBXGroup;
			children = (
				B1A46D1C283536D800517D19 /* Login */,
				B1EAFC182836ED97005F9DB8 /* Currency */,
				B18F1E502835105C00539442 /* SceneDelegate.swift */,
				B18F1E4E2835105C00539442 /* AppDelegate.swift */,
			);
			path = View;
			sourceTree = "<group>";
		};
		B18F1E422835105C00539442 = {
			isa = PBXGroup;
			children = (
				B18F1E4D2835105C00539442 /* CurrencyWorld */,
				B18F1E4C2835105C00539442 /* Products */,
				42FA5BBC986EA30F6317C35E /* Pods */,
				D500E408ECB0918379F38A52 /* Frameworks */,
			);
			sourceTree = "<group>";
		};
		B18F1E4C2835105C00539442 /* Products */ = {
			isa = PBXGroup;
			children = (
				B18F1E4B2835105C00539442 /* CurrencyWorld.app */,
			);
			name = Products;
			sourceTree = "<group>";
		};
		B18F1E4D2835105C00539442 /* CurrencyWorld */ = {
			isa = PBXGroup;
			children = (
				B14A65A9283514C800446A1C /* View */,
				B18F1E542835105C00539442 /* Main.storyboard */,
				B18F1E572835105E00539442 /* Assets.xcassets */,
				B18F1E592835105E00539442 /* LaunchScreen.storyboard */,
				B18F1E5C2835105E00539442 /* Info.plist */,
				B18F1E622835119000539442 /* GoogleService-Info.plist */,
			);
			path = CurrencyWorld;
			sourceTree = "<group>";
		};
		B1A46D1C283536D800517D19 /* Login */ = {
			isa = PBXGroup;
			children = (
				B18F1E522835105C00539442 /* LoginVC.swift */,
				B1A46D1E2835370700517D19 /* LoginViewModel.swift */,
			);
			path = Login;
			sourceTree = "<group>";
		};
		B1EAFC182836ED97005F9DB8 /* Currency */ = {
			isa = PBXGroup;
			children = (
				B1776FA82837CA9B00767691 /* WebService.swift */,
				B1EAFC1B2836EFED005F9DB8 /* CurrencyModel.swift */,
				B1EAFC192836EFDC005F9DB8 /* CurrencyViewModel.swift */,
				B14A65B2283521F400446A1C /* CurrencyTableViewCell.swift */,
				B14A65AE28351A2100446A1C /* CurrencyTableViewVC.swift */,
			);
			path = Currency;
			sourceTree = "<group>";
		};
		D500E408ECB0918379F38A52 /* Frameworks */ = {
			isa = PBXGroup;
			children = (
				16466F92DE9A8D1BBFD83A36 /* Pods_CurrencyWorld.framework */,
			);
			name = Frameworks;
			sourceTree = "<group>";
		};
/* End PBXGroup section */

/* Begin PBXNativeTarget section */
		B18F1E4A2835105C00539442 /* CurrencyWorld */ = {
			isa = PBXNativeTarget;
			buildConfigurationList = B18F1E5F2835105E00539442 /* Build configuration list for PBXNativeTarget "CurrencyWorld" */;
			buildPhases = (
				DBD297072D0D981BFFD199C6 /* [CP] Check Pods Manifest.lock */,
				B18F1E472835105C00539442 /* Sources */,
				B18F1E482835105C00539442 /* Frameworks */,
				B18F1E492835105C00539442 /* Resources */,
				7331349BE6ED5780C7F67946 /* [CP] Embed Pods Frameworks */,
			);
			buildRules = (
			);
			dependencies = (
			);
			name = CurrencyWorld;
			productName = CurrencyWorld;
			productReference = B18F1E4B2835105C00539442 /* CurrencyWorld.app */;
			productType = "com.apple.product-type.application";
		};
/* End PBXNativeTarget section */

/* Begin PBXProject section */
		B18F1E432835105C00539442 /* Project object */ = {
			isa = PBXProject;
			attributes = {
				BuildIndependentTargetsInParallel = 1;
				LastSwiftUpdateCheck = 1330;
				LastUpgradeCheck = 1330;
				TargetAttributes = {
					B18F1E4A2835105C00539442 = {
						CreatedOnToolsVersion = 13.3.1;
					};
				};
			};
			buildConfigurationList = B18F1E462835105C00539442 /* Build configuration list for PBXProject "CurrencyWorld" */;
			compatibilityVersion = "Xcode 13.0";
			developmentRegion = en;
			hasScannedForEncodings = 0;
			knownRegions = (
				en,
				Base,
			);
			mainGroup = B18F1E422835105C00539442;
			productRefGroup = B18F1E4C2835105C00539442 /* Products */;
			projectDirPath = "";
			projectRoot = "";
			targets = (
				B18F1E4A2835105C00539442 /* CurrencyWorld */,
			);
		};
/* End PBXProject section */

/* Begin PBXResourcesBuildPhase section */
		B18F1E492835105C00539442 /* Resources */ = {
			isa = PBXResourcesBuildPhase;
			buildActionMask = 2147483647;
			files = (
				B18F1E632835119000539442 /* GoogleService-Info.plist in Resources */,
				B18F1E5B2835105E00539442 /* LaunchScreen.storyboard in Resources */,
				B18F1E582835105E00539442 /* Assets.xcassets in Resources */,
				B18F1E562835105C00539442 /* Main.storyboard in Resources */,
			);
			runOnlyForDeploymentPostprocessing = 0;
		};
/* End PBXResourcesBuildPhase section */

/* Begin PBXShellScriptBuildPhase section */
		7331349BE6ED5780C7F67946 /* [CP] Embed Pods Frameworks */ = {
			isa = PBXShellScriptBuildPhase;
			buildActionMask = 2147483647;
			files = (
			);
			inputFileListPaths = (
				"${PODS_ROOT}/Target Support Files/Pods-CurrencyWorld/Pods-CurrencyWorld-frameworks-${CONFIGURATION}-input-files.xcfilelist",
			);
			name = "[CP] Embed Pods Frameworks";
			outputFileListPaths = (
				"${PODS_ROOT}/Target Support Files/Pods-CurrencyWorld/Pods-CurrencyWorld-frameworks-${CONFIGURATION}-output-files.xcfilelist",
			);
			runOnlyForDeploymentPostprocessing = 0;
			shellPath = /bin/sh;
			shellScript = "\"${PODS_ROOT}/Target Support Files/Pods-CurrencyWorld/Pods-CurrencyWorld-frameworks.sh\"\n";
			showEnvVarsInLog = 0;
		};
		DBD297072D0D981BFFD199C6 /* [CP] Check Pods Manifest.lock */ = {
			isa = PBXShellScriptBuildPhase;
			buildActionMask = 2147483647;
			files = (
			);
			inputFileListPaths = (
			);
			inputPaths = (
				"${PODS_PODFILE_DIR_PATH}/Podfile.lock",
				"${PODS_ROOT}/Manifest.lock",
			);
			name = "[CP] Check Pods Manifest.lock";
			outputFileListPaths = (
			);
			outputPaths = (
				"$(DERIVED_FILE_DIR)/Pods-CurrencyWorld-checkManifestLockResult.txt",
			);
			runOnlyForDeploymentPostprocessing = 0;
			shellPath = /bin/sh;
			shellScript = "diff \"${PODS_PODFILE_DIR_PATH}/Podfile.lock\" \"${PODS_ROOT}/Manifest.lock\" > /dev/null\nif [ $? != 0 ] ; then\n    # print error to STDERR\n    echo \"error: The sandbox is not in sync with the Podfile.lock. Run 'pod install' or update your CocoaPods installation.\" >&2\n    exit 1\nfi\n# This output is used by Xcode 'outputs' to avoid re-running this script phase.\necho \"SUCCESS\" > \"${SCRIPT_OUTPUT_FILE_0}\"\n";
			showEnvVarsInLog = 0;
		};
/* End PBXShellScriptBuildPhase section */

/* Begin PBXSourcesBuildPhase section */
		B18F1E472835105C00539442 /* Sources */ = {
			isa = PBXSourcesBuildPhase;
			buildActionMask = 2147483647;
			files = (
				B1EAFC1C2836EFED005F9DB8 /* CurrencyModel.swift in Sources */,
				B18F1E532835105C00539442 /* LoginVC.swift in Sources */,
				B18F1E4F2835105C00539442 /* AppDelegate.swift in Sources */,
				B18F1E512835105C00539442 /* SceneDelegate.swift in Sources */,
				B14A65B3283521F400446A1C /* CurrencyTableViewCell.swift in Sources */,
				B1A46D1F2835370700517D19 /* LoginViewModel.swift in Sources */,
				B1776FA92837CA9B00767691 /* WebService.swift in Sources */,
				B1EAFC1A2836EFDC005F9DB8 /* CurrencyViewModel.swift in Sources */,
				B14A65AF28351A2100446A1C /* CurrencyTableViewVC.swift in Sources */,
			);
			runOnlyForDeploymentPostprocessing = 0;
		};
/* End PBXSourcesBuildPhase section */

/* Begin PBXVariantGroup section */
		B18F1E542835105C00539442 /* Main.storyboard */ = {
			isa = PBXVariantGroup;
			children = (
				B18F1E552835105C00539442 /* Base */,
			);
			name = Main.storyboard;
			sourceTree = "<group>";
		};
		B18F1E592835105E00539442 /* LaunchScreen.storyboard */ = {
			isa = PBXVariantGroup;
			children = (
				B18F1E5A2835105E00539442 /* Base */,
			);
			name = LaunchScreen.storyboard;
			sourceTree = "<group>";
		};
/* End PBXVariantGroup section */

/* Begin XCBuildConfiguration section */
		B18F1E5D2835105E00539442 /* Debug */ = {
			isa = XCBuildConfiguration;
			buildSettings = {
				ALWAYS_SEARCH_USER_PATHS = NO;
				CLANG_ANALYZER_NONNULL = YES;
				CLANG_ANALYZER_NUMBER_OBJECT_CONVERSION = YES_AGGRESSIVE;
				CLANG_CXX_LANGUAGE_STANDARD = "gnu++17";
				CLANG_ENABLE_MODULES = YES;
				CLANG_ENABLE_OBJC_ARC = YES;
				CLANG_ENABLE_OBJC_WEAK = YES;
				CLANG_WARN_BLOCK_CAPTURE_AUTORELEASING = YES;
				CLANG_WARN_BOOL_CONVERSION = YES;
				CLANG_WARN_COMMA = YES;
				CLANG_WARN_CONSTANT_CONVERSION = YES;
				CLANG_WARN_DEPRECATED_OBJC_IMPLEMENTATIONS = YES;
				CLANG_WARN_DIRECT_OBJC_ISA_USAGE = YES_ERROR;
				CLANG_WARN_DOCUMENTATION_COMMENTS = YES;
				CLANG_WARN_EMPTY_BODY = YES;
				CLANG_WARN_ENUM_CONVERSION = YES;
				CLANG_WARN_INFINITE_RECURSION = YES;
				CLANG_WARN_INT_CONVERSION = YES;
				CLANG_WARN_NON_LITERAL_NULL_CONVERSION = YES;
				CLANG_WARN_OBJC_IMPLICIT_RETAIN_SELF = YES;
				CLANG_WARN_OBJC_LITERAL_CONVERSION = YES;
				CLANG_WARN_OBJC_ROOT_CLASS = YES_ERROR;
				CLANG_WARN_QUOTED_INCLUDE_IN_FRAMEWORK_HEADER = YES;
				CLANG_WARN_RANGE_LOOP_ANALYSIS = YES;
				CLANG_WARN_STRICT_PROTOTYPES = YES;
				CLANG_WARN_SUSPICIOUS_MOVE = YES;
				CLANG_WARN_UNGUARDED_AVAILABILITY = YES_AGGRESSIVE;
				CLANG_WARN_UNREACHABLE_CODE = YES;
				CLANG_WARN__DUPLICATE_METHOD_MATCH = YES;
				COPY_PHASE_STRIP = NO;
				DEBUG_INFORMATION_FORMAT = dwarf;
				ENABLE_STRICT_OBJC_MSGSEND = YES;
				ENABLE_TESTABILITY = YES;
				GCC_C_LANGUAGE_STANDARD = gnu11;
				GCC_DYNAMIC_NO_PIC = NO;
				GCC_NO_COMMON_BLOCKS = YES;
				GCC_OPTIMIZATION_LEVEL = 0;
				GCC_PREPROCESSOR_DEFINITIONS = (
					"DEBUG=1",
					"$(inherited)",
				);
				GCC_WARN_64_TO_32_BIT_CONVERSION = YES;
				GCC_WARN_ABOUT_RETURN_TYPE = YES_ERROR;
				GCC_WARN_UNDECLARED_SELECTOR = YES;
				GCC_WARN_UNINITIALIZED_AUTOS = YES_AGGRESSIVE;
				GCC_WARN_UNUSED_FUNCTION = YES;
				GCC_WARN_UNUSED_VARIABLE = YES;
				IPHONEOS_DEPLOYMENT_TARGET = 15.4;
				MTL_ENABLE_DEBUG_INFO = INCLUDE_SOURCE;
				MTL_FAST_MATH = YES;
				ONLY_ACTIVE_ARCH = YES;
				SDKROOT = iphoneos;
				SWIFT_ACTIVE_COMPILATION_CONDITIONS = DEBUG;
				SWIFT_OPTIMIZATION_LEVEL = "-Onone";
			};
			name = Debug;
		};
		B18F1E5E2835105E00539442 /* Release */ = {
			isa = XCBuildConfiguration;
			buildSettings = {
				ALWAYS_SEARCH_USER_PATHS = NO;
				CLANG_ANALYZER_NONNULL = YES;
				CLANG_ANALYZER_NUMBER_OBJECT_CONVERSION = YES_AGGRESSIVE;
				CLANG_CXX_LANGUAGE_STANDARD = "gnu++17";
				CLANG_ENABLE_MODULES = YES;
				CLANG_ENABLE_OBJC_ARC = YES;
				CLANG_ENABLE_OBJC_WEAK = YES;
				CLANG_WARN_BLOCK_CAPTURE_AUTORELEASING = YES;
				CLANG_WARN_BOOL_CONVERSION = YES;
				CLANG_WARN_COMMA = YES;
				CLANG_WARN_CONSTANT_CONVERSION = YES;
				CLANG_WARN_DEPRECATED_OBJC_IMPLEMENTATIONS = YES;
				CLANG_WARN_DIRECT_OBJC_ISA_USAGE = YES_ERROR;
				CLANG_WARN_DOCUMENTATION_COMMENTS = YES;
				CLANG_WARN_EMPTY_BODY = YES;
				CLANG_WARN_ENUM_CONVERSION = YES;
				CLANG_WARN_INFINITE_RECURSION = YES;
				CLANG_WARN_INT_CONVERSION = YES;
				CLANG_WARN_NON_LITERAL_NULL_CONVERSION = YES;
				CLANG_WARN_OBJC_IMPLICIT_RETAIN_SELF = YES;
				CLANG_WARN_OBJC_LITERAL_CONVERSION = YES;
				CLANG_WARN_OBJC_ROOT_CLASS = YES_ERROR;
				CLANG_WARN_QUOTED_INCLUDE_IN_FRAMEWORK_HEADER = YES;
				CLANG_WARN_RANGE_LOOP_ANALYSIS = YES;
				CLANG_WARN_STRICT_PROTOTYPES = YES;
				CLANG_WARN_SUSPICIOUS_MOVE = YES;
				CLANG_WARN_UNGUARDED_AVAILABILITY = YES_AGGRESSIVE;
				CLANG_WARN_UNREACHABLE_CODE = YES;
				CLANG_WARN__DUPLICATE_METHOD_MATCH = YES;
				COPY_PHASE_STRIP = NO;
				DEBUG_INFORMATION_FORMAT = "dwarf-with-dsym";
				ENABLE_NS_ASSERTIONS = NO;
				ENABLE_STRICT_OBJC_MSGSEND = YES;
				GCC_C_LANGUAGE_STANDARD = gnu11;
				GCC_NO_COMMON_BLOCKS = YES;
				GCC_WARN_64_TO_32_BIT_CONVERSION = YES;
				GCC_WARN_ABOUT_RETURN_TYPE = YES_ERROR;
				GCC_WARN_UNDECLARED_SELECTOR = YES;
				GCC_WARN_UNINITIALIZED_AUTOS = YES_AGGRESSIVE;
				GCC_WARN_UNUSED_FUNCTION = YES;
				GCC_WARN_UNUSED_VARIABLE = YES;
				IPHONEOS_DEPLOYMENT_TARGET = 15.4;
				MTL_ENABLE_DEBUG_INFO = NO;
				MTL_FAST_MATH = YES;
				SDKROOT = iphoneos;
				SWIFT_COMPILATION_MODE = wholemodule;
				SWIFT_OPTIMIZATION_LEVEL = "-O";
				VALIDATE_PRODUCT = YES;
			};
			name = Release;
		};
		B18F1E602835105E00539442 /* Debug */ = {
			isa = XCBuildConfiguration;
			baseConfigurationReference = 5658C621B676E072AD9A8933 /* Pods-CurrencyWorld.debug.xcconfig */;
			buildSettings = {
				ASSETCATALOG_COMPILER_APPICON_NAME = AppIcon;
				ASSETCATALOG_COMPILER_GLOBAL_ACCENT_COLOR_NAME = AccentColor;
				CODE_SIGN_STYLE = Automatic;
				CURRENT_PROJECT_VERSION = 1;
				DEVELOPMENT_TEAM = UMQ75969HH;
				GENERATE_INFOPLIST_FILE = YES;
				INFOPLIST_FILE = CurrencyWorld/Info.plist;
				INFOPLIST_KEY_UIApplicationSupportsIndirectInputEvents = YES;
				INFOPLIST_KEY_UILaunchStoryboardName = LaunchScreen;
				INFOPLIST_KEY_UIMainStoryboardFile = Main;
				INFOPLIST_KEY_UISupportedInterfaceOrientations_iPad = "UIInterfaceOrientationPortrait UIInterfaceOrientationPortraitUpsideDown UIInterfaceOrientationLandscapeLeft UIInterfaceOrientationLandscapeRight";
				INFOPLIST_KEY_UISupportedInterfaceOrientations_iPhone = "UIInterfaceOrientationPortrait UIInterfaceOrientationLandscapeLeft UIInterfaceOrientationLandscapeRight";
				LD_RUNPATH_SEARCH_PATHS = (
					"$(inherited)",
					"@executable_path/Frameworks",
				);
				MARKETING_VERSION = 1.0;
				PRODUCT_BUNDLE_IDENTIFIER = com.mertkarahan.CurrencyWorld;
				PRODUCT_NAME = "$(TARGET_NAME)";
				SWIFT_EMIT_LOC_STRINGS = YES;
				SWIFT_VERSION = 5.0;
				TARGETED_DEVICE_FAMILY = "1,2";
			};
			name = Debug;
		};
		B18F1E612835105E00539442 /* Release */ = {
			isa = XCBuildConfiguration;
			baseConfigurationReference = 51526C8ECDC035EF6D9B83F5 /* Pods-CurrencyWorld.release.xcconfig */;
			buildSettings = {
				ASSETCATALOG_COMPILER_APPICON_NAME = AppIcon;
				ASSETCATALOG_COMPILER_GLOBAL_ACCENT_COLOR_NAME = AccentColor;
				CODE_SIGN_STYLE = Automatic;
				CURRENT_PROJECT_VERSION = 1;
				DEVELOPMENT_TEAM = UMQ75969HH;
				GENERATE_INFOPLIST_FILE = YES;
				INFOPLIST_FILE = CurrencyWorld/Info.plist;
				INFOPLIST_KEY_UIApplicationSupportsIndirectInputEvents = YES;
				INFOPLIST_KEY_UILaunchStoryboardName = LaunchScreen;
				INFOPLIST_KEY_UIMainStoryboardFile = Main;
				INFOPLIST_KEY_UISupportedInterfaceOrientations_iPad = "UIInterfaceOrientationPortrait UIInterfaceOrientationPortraitUpsideDown UIInterfaceOrientationLandscapeLeft UIInterfaceOrientationLandscapeRight";
				INFOPLIST_KEY_UISupportedInterfaceOrientations_iPhone = "UIInterfaceOrientationPortrait UIInterfaceOrientationLandscapeLeft UIInterfaceOrientationLandscapeRight";
				LD_RUNPATH_SEARCH_PATHS = (
					"$(inherited)",
					"@executable_path/Frameworks",
				);
				MARKETING_VERSION = 1.0;
				PRODUCT_BUNDLE_IDENTIFIER = com.mertkarahan.CurrencyWorld;
				PRODUCT_NAME = "$(TARGET_NAME)";
				SWIFT_EMIT_LOC_STRINGS = YES;
				SWIFT_VERSION = 5.0;
				TARGETED_DEVICE_FAMILY = "1,2";
			};
			name = Release;
		};
/* End XCBuildConfiguration section */

/* Begin XCConfigurationList section */
		B18F1E462835105C00539442 /* Build configuration list for PBXProject "CurrencyWorld" */ = {
			isa = XCConfigurationList;
			buildConfigurations = (
				B18F1E5D2835105E00539442 /* Debug */,
				B18F1E5E2835105E00539442 /* Release */,
			);
			defaultConfigurationIsVisible = 0;
			defaultConfigurationName = Release;
		};
		B18F1E5F2835105E00539442 /* Build configuration list for PBXNativeTarget "CurrencyWorld" */ = {
			isa = XCConfigurationList;
			buildConfigurations = (
				B18F1E602835105E00539442 /* Debug */,
				B18F1E612835105E00539442 /* Release */,
			);
			defaultConfigurationIsVisible = 0;
			defaultConfigurationName = Release;
		};
/* End XCConfigurationList section */
	};
	rootObject = B18F1E432835105C00539442 /* Project object */;
}
